// !$*UTF8*$!
{
	archiveVersion = 1;
	classes = {
	};
	objectVersion = 55;
	objects = {

/* Begin PBXBuildFile section */
		1508B1CB27D6AAAF00B90148 /* README.md in Resources */ = {isa = PBXBuildFile; fileRef = 1508B1CA27D6AAAF00B90148 /* README.md */; };
		156E5E0327D2F8E000FFA52C /* LoginSampleNavigationApp.swift in Sources */ = {isa = PBXBuildFile; fileRef = 156E5E0227D2F8E000FFA52C /* LoginSampleNavigationApp.swift */; };
		156E5E0727D2F8E500FFA52C /* Assets.xcassets in Resources */ = {isa = PBXBuildFile; fileRef = 156E5E0627D2F8E500FFA52C /* Assets.xcassets */; };
		156E5E0A27D2F8E500FFA52C /* Preview Assets.xcassets in Resources */ = {isa = PBXBuildFile; fileRef = 156E5E0927D2F8E500FFA52C /* Preview Assets.xcassets */; };
		156E5E1327D2F90400FFA52C /* LoginView.swift in Sources */ = {isa = PBXBuildFile; fileRef = 156E5E1227D2F90400FFA52C /* LoginView.swift */; };
		156E5E1827D2FB1D00FFA52C /* MainView.swift in Sources */ = {isa = PBXBuildFile; fileRef = 156E5E1727D2FB1D00FFA52C /* MainView.swift */; };
		156E5E1B27D2FB6900FFA52C /* MainCoordinator.swift in Sources */ = {isa = PBXBuildFile; fileRef = 156E5E1A27D2FB6900FFA52C /* MainCoordinator.swift */; };
/* End PBXBuildFile section */

/* Begin PBXFileReference section */
		1508B1CA27D6AAAF00B90148 /* README.md */ = {isa = PBXFileReference; fileEncoding = 4; lastKnownFileType = net.daringfireball.markdown; name = README.md; path = ../README.md; sourceTree = "<group>"; };
		156E5DFF27D2F8E000FFA52C /* LoginSampleNavigation.app */ = {isa = PBXFileReference; explicitFileType = wrapper.application; includeInIndex = 0; path = LoginSampleNavigation.app; sourceTree = BUILT_PRODUCTS_DIR; };
		156E5E0227D2F8E000FFA52C /* LoginSampleNavigationApp.swift */ = {isa = PBXFileReference; lastKnownFileType = sourcecode.swift; path = LoginSampleNavigationApp.swift; sourceTree = "<group>"; };
		156E5E0627D2F8E500FFA52C /* Assets.xcassets */ = {isa = PBXFileReference; lastKnownFileType = folder.assetcatalog; path = Assets.xcassets; sourceTree = "<group>"; };
		156E5E0927D2F8E500FFA52C /* Preview Assets.xcassets */ = {isa = PBXFileReference; lastKnownFileType = folder.assetcatalog; path = "Preview Assets.xcassets"; sourceTree = "<group>"; };
		156E5E1227D2F90400FFA52C /* LoginView.swift */ = {isa = PBXFileReference; lastKnownFileType = sourcecode.swift; path = LoginView.swift; sourceTree = "<group>"; };
		156E5E1727D2FB1D00FFA52C /* MainView.swift */ = {isa = PBXFileReference; lastKnownFileType = sourcecode.swift; path = MainView.swift; sourceTree = "<group>"; };
		156E5E1A27D2FB6900FFA52C /* MainCoordinator.swift */ = {isa = PBXFileReference; lastKnownFileType = sourcecode.swift; path = MainCoordinator.swift; sourceTree = "<group>"; };
/* End PBXFileReference section */

/* Begin PBXFrameworksBuildPhase section */
		156E5DFC27D2F8E000FFA52C /* Frameworks */ = {
			isa = PBXFrameworksBuildPhase;
			buildActionMask = 2147483647;
			files = (
			);
			runOnlyForDeploymentPostprocessing = 0;
		};
/* End PBXFrameworksBuildPhase section */

/* Begin PBXGroup section */
		156E5DF627D2F8E000FFA52C = {
			isa = PBXGroup;
			children = (
				1508B1CA27D6AAAF00B90148 /* README.md */,
				156E5E0127D2F8E000FFA52C /* LoginSampleNavigation */,
				156E5E0027D2F8E000FFA52C /* Products */,
			);
			sourceTree = "<group>";
		};
		156E5E0027D2F8E000FFA52C /* Products */ = {
			isa = PBXGroup;
			children = (
				156E5DFF27D2F8E000FFA52C /* LoginSampleNavigation.app */,
			);
			name = Products;
			sourceTree = "<group>";
		};
		156E5E0127D2F8E000FFA52C /* LoginSampleNavigation */ = {
			isa = PBXGroup;
			children = (
				156E5E1927D2FB3200FFA52C /* Coordinator */,
				156E5E1027D2F8ED00FFA52C /* Screens */,
				156E5E0227D2F8E000FFA52C /* LoginSampleNavigationApp.swift */,
				156E5E0627D2F8E500FFA52C /* Assets.xcassets */,
				156E5E0827D2F8E500FFA52C /* Preview Content */,
			);
			path = LoginSampleNavigation;
			sourceTree = "<group>";
		};
		156E5E0827D2F8E500FFA52C /* Preview Content */ = {
			isa = PBXGroup;
			children = (
				156E5E0927D2F8E500FFA52C /* Preview Assets.xcassets */,
			);
			path = "Preview Content";
			sourceTree = "<group>";
		};
		156E5E1027D2F8ED00FFA52C /* Screens */ = {
			isa = PBXGroup;
			children = (
				156E5E1627D2FB0B00FFA52C /* Main */,
				156E5E1127D2F8F600FFA52C /* Login */,
			);
			path = Screens;
			sourceTree = "<group>";
		};
		156E5E1127D2F8F600FFA52C /* Login */ = {
			isa = PBXGroup;
			children = (
				156E5E1227D2F90400FFA52C /* LoginView.swift */,
			);
			path = Login;
			sourceTree = "<group>";
		};
		156E5E1627D2FB0B00FFA52C /* Main */ = {
			isa = PBXGroup;
			children = (
				156E5E1727D2FB1D00FFA52C /* MainView.swift */,
			);
			path = Main;
			sourceTree = "<group>";
		};
		156E5E1927D2FB3200FFA52C /* Coordinator */ = {
			isa = PBXGroup;
			children = (
				156E5E1A27D2FB6900FFA52C /* MainCoordinator.swift */,
			);
			path = Coordinator;
			sourceTree = "<group>";
		};
/* End PBXGroup section */

/* Begin PBXNativeTarget section */
		156E5DFE27D2F8E000FFA52C /* LoginSampleNavigation */ = {
			isa = PBXNativeTarget;
			buildConfigurationList = 156E5E0D27D2F8E500FFA52C /* Build configuration list for PBXNativeTarget "LoginSampleNavigation" */;
			buildPhases = (
				156E5DFB27D2F8E000FFA52C /* Sources */,
				156E5DFC27D2F8E000FFA52C /* Frameworks */,
				156E5DFD27D2F8E000FFA52C /* Resources */,
			);
			buildRules = (
			);
			dependencies = (
			);
			name = LoginSampleNavigation;
			productName = LoginSampleNavigation;
			productReference = 156E5DFF27D2F8E000FFA52C /* LoginSampleNavigation.app */;
			productType = "com.apple.product-type.application";
		};
/* End PBXNativeTarget section */

/* Begin PBXProject section */
		156E5DF727D2F8E000FFA52C /* Project object */ = {
			isa = PBXProject;
			attributes = {
				BuildIndependentTargetsInParallel = 1;
				LastSwiftUpdateCheck = 1320;
				LastUpgradeCheck = 1320;
				TargetAttributes = {
					156E5DFE27D2F8E000FFA52C = {
						CreatedOnToolsVersion = 13.2;
					};
				};
			};
			buildConfigurationList = 156E5DFA27D2F8E000FFA52C /* Build configuration list for PBXProject "LoginSampleNavigation" */;
			compatibilityVersion = "Xcode 13.0";
			developmentRegion = en;
			hasScannedForEncodings = 0;
			knownRegions = (
				en,
				Base,
			);
			mainGroup = 156E5DF627D2F8E000FFA52C;
			productRefGroup = 156E5E0027D2F8E000FFA52C /* Products */;
			projectDirPath = "";
			projectRoot = "";
			targets = (
				156E5DFE27D2F8E000FFA52C /* LoginSampleNavigation */,
			);
		};
/* End PBXProject section */

/* Begin PBXResourcesBuildPhase section */
		156E5DFD27D2F8E000FFA52C /* Resources */ = {
			isa = PBXResourcesBuildPhase;
			buildActionMask = 2147483647;
			files = (
				1508B1CB27D6AAAF00B90148 /* README.md in Resources */,
				156E5E0A27D2F8E500FFA52C /* Preview Assets.xcassets in Resources */,
				156E5E0727D2F8E500FFA52C /* Assets.xcassets in Resources */,
			);
			runOnlyForDeploymentPostprocessing = 0;
		};
/* End PBXResourcesBuildPhase section */

/* Begin PBXSourcesBuildPhase section */
		156E5DFB27D2F8E000FFA52C /* Sources */ = {
			isa = PBXSourcesBuildPhase;
			buildActionMask = 2147483647;
			files = (
				156E5E1327D2F90400FFA52C /* LoginView.swift in Sources */,
				156E5E1827D2FB1D00FFA52C /* MainView.swift in Sources */,
				156E5E1B27D2FB6900FFA52C /* MainCoordinator.swift in Sources */,
				156E5E0327D2F8E000FFA52C /* LoginSampleNavigationApp.swift in Sources */,
			);
			runOnlyForDeploymentPostprocessing = 0;
		};
/* End PBXSourcesBuildPhase section */

/* Begin XCBuildConfiguration section */
		156E5E0B27D2F8E500FFA52C /* Debug */ = {
			isa = XCBuildConfiguration;
			buildSettings = {
				ALWAYS_SEARCH_USER_PATHS = NO;
				CLANG_ANALYZER_NONNULL = YES;
				CLANG_ANALYZER_NUMBER_OBJECT_CONVERSION = YES_AGGRESSIVE;
				CLANG_CXX_LANGUAGE_STANDARD = "gnu++17";
				CLANG_CXX_LIBRARY = "libc++";
				CLANG_ENABLE_MODULES = YES;
				CLANG_ENABLE_OBJC_ARC = YES;
				CLANG_ENABLE_OBJC_WEAK = YES;
				CLANG_WARN_BLOCK_CAPTURE_AUTORELEASING = YES;
				CLANG_WARN_BOOL_CONVERSION = YES;
				CLANG_WARN_COMMA = YES;
				CLANG_WARN_CONSTANT_CONVERSION = YES;
				CLANG_WARN_DEPRECATED_OBJC_IMPLEMENTATIONS = YES;
				CLANG_WARN_DIRECT_OBJC_ISA_USAGE = YES_ERROR;
				CLANG_WARN_DOCUMENTATION_COMMENTS = YES;
				CLANG_WARN_EMPTY_BODY = YES;
				CLANG_WARN_ENUM_CONVERSION = YES;
				CLANG_WARN_INFINITE_RECURSION = YES;
				CLANG_WARN_INT_CONVERSION = YES;
				CLANG_WARN_NON_LITERAL_NULL_CONVERSION = YES;
				CLANG_WARN_OBJC_IMPLICIT_RETAIN_SELF = YES;
				CLANG_WARN_OBJC_LITERAL_CONVERSION = YES;
				CLANG_WARN_OBJC_ROOT_CLASS = YES_ERROR;
				CLANG_WARN_QUOTED_INCLUDE_IN_FRAMEWORK_HEADER = YES;
				CLANG_WARN_RANGE_LOOP_ANALYSIS = YES;
				CLANG_WARN_STRICT_PROTOTYPES = YES;
				CLANG_WARN_SUSPICIOUS_MOVE = YES;
				CLANG_WARN_UNGUARDED_AVAILABILITY = YES_AGGRESSIVE;
				CLANG_WARN_UNREACHABLE_CODE = YES;
				CLANG_WARN__DUPLICATE_METHOD_MATCH = YES;
				COPY_PHASE_STRIP = NO;
				DEBUG_INFORMATION_FORMAT = dwarf;
				ENABLE_STRICT_OBJC_MSGSEND = YES;
				ENABLE_TESTABILITY = YES;
				GCC_C_LANGUAGE_STANDARD = gnu11;
				GCC_DYNAMIC_NO_PIC = NO;
				GCC_NO_COMMON_BLOCKS = YES;
				GCC_OPTIMIZATION_LEVEL = 0;
				GCC_PREPROCESSOR_DEFINITIONS = (
					"DEBUG=1",
					"$(inherited)",
				);
				GCC_WARN_64_TO_32_BIT_CONVERSION = YES;
				GCC_WARN_ABOUT_RETURN_TYPE = YES_ERROR;
				GCC_WARN_UNDECLARED_SELECTOR = YES;
				GCC_WARN_UNINITIALIZED_AUTOS = YES_AGGRESSIVE;
				GCC_WARN_UNUSED_FUNCTION = YES;
				GCC_WARN_UNUSED_VARIABLE = YES;
				IPHONEOS_DEPLOYMENT_TARGET = 15.2;
				MTL_ENABLE_DEBUG_INFO = INCLUDE_SOURCE;
				MTL_FAST_MATH = YES;
				ONLY_ACTIVE_ARCH = YES;
				SDKROOT = iphoneos;
				SWIFT_ACTIVE_COMPILATION_CONDITIONS = DEBUG;
				SWIFT_OPTIMIZATION_LEVEL = "-Onone";
			};
			name = Debug;
		};
		156E5E0C27D2F8E500FFA52C /* Release */ = {
			isa = XCBuildConfiguration;
			buildSettings = {
				ALWAYS_SEARCH_USER_PATHS = NO;
				CLANG_ANALYZER_NONNULL = YES;
				CLANG_ANALYZER_NUMBER_OBJECT_CONVERSION = YES_AGGRESSIVE;
				CLANG_CXX_LANGUAGE_STANDARD = "gnu++17";
				CLANG_CXX_LIBRARY = "libc++";
				CLANG_ENABLE_MODULES = YES;
				CLANG_ENABLE_OBJC_ARC = YES;
				CLANG_ENABLE_OBJC_WEAK = YES;
				CLANG_WARN_BLOCK_CAPTURE_AUTORELEASING = YES;
				CLANG_WARN_BOOL_CONVERSION = YES;
				CLANG_WARN_COMMA = YES;
				CLANG_WARN_CONSTANT_CONVERSION = YES;
				CLANG_WARN_DEPRECATED_OBJC_IMPLEMENTATIONS = YES;
				CLANG_WARN_DIRECT_OBJC_ISA_USAGE = YES_ERROR;
				CLANG_WARN_DOCUMENTATION_COMMENTS = YES;
				CLANG_WARN_EMPTY_BODY = YES;
				CLANG_WARN_ENUM_CONVERSION = YES;
				CLANG_WARN_INFINITE_RECURSION = YES;
				CLANG_WARN_INT_CONVERSION = YES;
				CLANG_WARN_NON_LITERAL_NULL_CONVERSION = YES;
				CLANG_WARN_OBJC_IMPLICIT_RETAIN_SELF = YES;
				CLANG_WARN_OBJC_LITERAL_CONVERSION = YES;
				CLANG_WARN_OBJC_ROOT_CLASS = YES_ERROR;
				CLANG_WARN_QUOTED_INCLUDE_IN_FRAMEWORK_HEADER = YES;
				CLANG_WARN_RANGE_LOOP_ANALYSIS = YES;
				CLANG_WARN_STRICT_PROTOTYPES = YES;
				CLANG_WARN_SUSPICIOUS_MOVE = YES;
				CLANG_WARN_UNGUARDED_AVAILABILITY = YES_AGGRESSIVE;
				CLANG_WARN_UNREACHABLE_CODE = YES;
				CLANG_WARN__DUPLICATE_METHOD_MATCH = YES;
				COPY_PHASE_STRIP = NO;
				DEBUG_INFORMATION_FORMAT = "dwarf-with-dsym";
				ENABLE_NS_ASSERTIONS = NO;
				ENABLE_STRICT_OBJC_MSGSEND = YES;
				GCC_C_LANGUAGE_STANDARD = gnu11;
				GCC_NO_COMMON_BLOCKS = YES;
				GCC_WARN_64_TO_32_BIT_CONVERSION = YES;
				GCC_WARN_ABOUT_RETURN_TYPE = YES_ERROR;
				GCC_WARN_UNDECLARED_SELECTOR = YES;
				GCC_WARN_UNINITIALIZED_AUTOS = YES_AGGRESSIVE;
				GCC_WARN_UNUSED_FUNCTION = YES;
				GCC_WARN_UNUSED_VARIABLE = YES;
				IPHONEOS_DEPLOYMENT_TARGET = 15.2;
				MTL_ENABLE_DEBUG_INFO = NO;
				MTL_FAST_MATH = YES;
				SDKROOT = iphoneos;
				SWIFT_COMPILATION_MODE = wholemodule;
				SWIFT_OPTIMIZATION_LEVEL = "-O";
				VALIDATE_PRODUCT = YES;
			};
			name = Release;
		};
		156E5E0E27D2F8E500FFA52C /* Debug */ = {
			isa = XCBuildConfiguration;
			buildSettings = {
				ASSETCATALOG_COMPILER_APPICON_NAME = AppIcon;
				ASSETCATALOG_COMPILER_GLOBAL_ACCENT_COLOR_NAME = AccentColor;
				CODE_SIGN_STYLE = Automatic;
				CURRENT_PROJECT_VERSION = 1;
				DEVELOPMENT_ASSET_PATHS = "\"LoginSampleNavigation/Preview Content\"";
				ENABLE_PREVIEWS = YES;
				GENERATE_INFOPLIST_FILE = YES;
				INFOPLIST_KEY_UIApplicationSceneManifest_Generation = YES;
				INFOPLIST_KEY_UIApplicationSupportsIndirectInputEvents = YES;
				INFOPLIST_KEY_UILaunchScreen_Generation = YES;
				INFOPLIST_KEY_UISupportedInterfaceOrientations_iPad = "UIInterfaceOrientationPortrait UIInterfaceOrientationPortraitUpsideDown UIInterfaceOrientationLandscapeLeft UIInterfaceOrientationLandscapeRight";
				INFOPLIST_KEY_UISupportedInterfaceOrientations_iPhone = "UIInterfaceOrientationPortrait UIInterfaceOrientationLandscapeLeft UIInterfaceOrientationLandscapeRight";
				LD_RUNPATH_SEARCH_PATHS = (
					"$(inherited)",
					"@executable_path/Frameworks",
				);
				MARKETING_VERSION = 1.0;
				PRODUCT_BUNDLE_IDENTIFIER = com.arctouch.LoginSampleNavigation;
				PRODUCT_NAME = "$(TARGET_NAME)";
				SWIFT_EMIT_LOC_STRINGS = YES;
				SWIFT_VERSION = 5.0;
				TARGETED_DEVICE_FAMILY = "1,2";
			};
			name = Debug;
		};
		156E5E0F27D2F8E500FFA52C /* Release */ = {
			isa = XCBuildConfiguration;
			buildSettings = {
				ASSETCATALOG_COMPILER_APPICON_NAME = AppIcon;
				ASSETCATALOG_COMPILER_GLOBAL_ACCENT_COLOR_NAME = AccentColor;
				CODE_SIGN_STYLE = Automatic;
				CURRENT_PROJECT_VERSION = 1;
				DEVELOPMENT_ASSET_PATHS = "\"LoginSampleNavigation/Preview Content\"";
				ENABLE_PREVIEWS = YES;
				GENERATE_INFOPLIST_FILE = YES;
				INFOPLIST_KEY_UIApplicationSceneManifest_Generation = YES;
				INFOPLIST_KEY_UIApplicationSupportsIndirectInputEvents = YES;
				INFOPLIST_KEY_UILaunchScreen_Generation = YES;
				INFOPLIST_KEY_UISupportedInterfaceOrientations_iPad = "UIInterfaceOrientationPortrait UIInterfaceOrientationPortraitUpsideDown UIInterfaceOrientationLandscapeLeft UIInterfaceOrientationLandscapeRight";
				INFOPLIST_KEY_UISupportedInterfaceOrientations_iPhone = "UIInterfaceOrientationPortrait UIInterfaceOrientationLandscapeLeft UIInterfaceOrientationLandscapeRight";
				LD_RUNPATH_SEARCH_PATHS = (
					"$(inherited)",
					"@executable_path/Frameworks",
				);
				MARKETING_VERSION = 1.0;
				PRODUCT_BUNDLE_IDENTIFIER = com.arctouch.LoginSampleNavigation;
				PRODUCT_NAME = "$(TARGET_NAME)";
				SWIFT_EMIT_LOC_STRINGS = YES;
				SWIFT_VERSION = 5.0;
				TARGETED_DEVICE_FAMILY = "1,2";
			};
			name = Release;
		};
/* End XCBuildConfiguration section */

/* Begin XCConfigurationList section */
		156E5DFA27D2F8E000FFA52C /* Build configuration list for PBXProject "LoginSampleNavigation" */ = {
			isa = XCConfigurationList;
			buildConfigurations = (
				156E5E0B27D2F8E500FFA52C /* Debug */,
				156E5E0C27D2F8E500FFA52C /* Release */,
			);
			defaultConfigurationIsVisible = 0;
			defaultConfigurationName = Release;
		};
		156E5E0D27D2F8E500FFA52C /* Build configuration list for PBXNativeTarget "LoginSampleNavigation" */ = {
			isa = XCConfigurationList;
			buildConfigurations = (
				156E5E0E27D2F8E500FFA52C /* Debug */,
				156E5E0F27D2F8E500FFA52C /* Release */,
			);
			defaultConfigurationIsVisible = 0;
			defaultConfigurationName = Release;
		};
/* End XCConfigurationList section */
	};
	rootObject = 156E5DF727D2F8E000FFA52C /* Project object */;
}
